
Microsoft Visual Studio Solution File, Format Version 12.00
# Visual Studio Version 16
VisualStudioVersion = 16.0.31624.102
MinimumVisualStudioVersion = 10.0.40219.1
Project("{FAE04EC0-301F-11D3-BF4B-00C04F79EFBC}") = "QuiltShapesTracker", "QuiltShapesTracker.csproj", "{20C4CCF5-C184-4690-8B29-D7D8DEE41A11}"
EndProject
Global
	GlobalSection(SolutionConfigurationPlatforms) = preSolution
		Debug|Any CPU = Debug|Any CPU
		Release|Any CPU = Release|Any CPU
	EndGlobalSection
	GlobalSection(ProjectConfigurationPlatforms) = postSolution
		{20C4CCF5-C184-4690-8B29-D7D8DEE41A11}.Debug|Any CPU.ActiveCfg = Debug|Any CPU
		{20C4CCF5-C184-4690-8B29-D7D8DEE41A11}.Debug|Any CPU.Build.0 = Debug|Any CPU
		{20C4CCF5-C184-4690-8B29-D7D8DEE41A11}.Release|Any CPU.ActiveCfg = Release|Any CPU
		{20C4CCF5-C184-4690-8B29-D7D8DEE41A11}.Release|Any CPU.Build.0 = Release|Any CPU
	EndGlobalSection
	GlobalSection(SolutionProperties) = preSolution
		HideSolutionNode = FALSE
	EndGlobalSection
	GlobalSection(ExtensibilityGlobals) = postSolution
		SolutionGuid = {22F6C408-A382-4CE4-83D1-66E2B0349116}
	EndGlobalSection
EndGlobal
